
Microsoft Visual Studio Solution File, Format Version 12.00
# Visual Studio 15
VisualStudioVersion = 15.0.28010.2016
MinimumVisualStudioVersion = 10.0.40219.1
Project("{9A19103F-16F7-4668-BE54-9A1E7A4F7556}") = "Bevezetes", "Bevezetes\Bevezetes.csproj", "{594A531D-8600-44BA-B3F8-8E34D5BBCCE1}"
EndProject
Project("{9A19103F-16F7-4668-BE54-9A1E7A4F7556}") = "receptek", "receptek\receptek.csproj", "{AB70AA90-5C01-482D-AA1A-0A45122EE92F}"
EndProject
Project("{9A19103F-16F7-4668-BE54-9A1E7A4F7556}") = "haziAllatok", "haziAllatok\haziAllatok.csproj", "{8A04F376-A64C-4766-BBFC-52DCBAA5A6AE}"
EndProject
Project("{9A19103F-16F7-4668-BE54-9A1E7A4F7556}") = "construktorok", "feluletSikidomok\construktorok.csproj", "{B2B8A9CD-F218-4370-BAD9-9F5639B48E85}"
EndProject
Project("{9A19103F-16F7-4668-BE54-9A1E7A4F7556}") = "Sikidomok", "Sikidomok\Sikidomok.csproj", "{0AA9C9D4-DB56-427F-913E-319F46B8C9AF}"
EndProject
Project("{FAE04EC0-301F-11D3-BF4B-00C04F79EFBC}") = "memoriakezeles", "memoriakezeles\memoriakezeles.csproj", "{184FC9D7-29F0-463E-B2AB-06E062FDB2F6}"
EndProject
Project("{FAE04EC0-301F-11D3-BF4B-00C04F79EFBC}") = "INumerable", "INumerable\INumerable.csproj", "{8E1C3C83-7E62-4E95-AEB7-F8FEDE12F7B6}"
EndProject
Project("{FAE04EC0-301F-11D3-BF4B-00C04F79EFBC}") = "StreamString", "StreamString\StreamString.csproj", "{3616C63E-7AFB-4801-8CF0-CC56735015B4}"
EndProject
Project("{FAE04EC0-301F-11D3-BF4B-00C04F79EFBC}") = "Serializalas", "Serializalas\Serializalas.csproj", "{3ACDA5F5-72A1-4438-A9A7-5377AD72EDBA}"
EndProject
Global
	GlobalSection(SolutionConfigurationPlatforms) = preSolution
		Debug|Any CPU = Debug|Any CPU
		Release|Any CPU = Release|Any CPU
	EndGlobalSection
	GlobalSection(ProjectConfigurationPlatforms) = postSolution
		{594A531D-8600-44BA-B3F8-8E34D5BBCCE1}.Debug|Any CPU.ActiveCfg = Debug|Any CPU
		{594A531D-8600-44BA-B3F8-8E34D5BBCCE1}.Debug|Any CPU.Build.0 = Debug|Any CPU
		{594A531D-8600-44BA-B3F8-8E34D5BBCCE1}.Release|Any CPU.ActiveCfg = Release|Any CPU
		{594A531D-8600-44BA-B3F8-8E34D5BBCCE1}.Release|Any CPU.Build.0 = Release|Any CPU
		{AB70AA90-5C01-482D-AA1A-0A45122EE92F}.Debug|Any CPU.ActiveCfg = Debug|Any CPU
		{AB70AA90-5C01-482D-AA1A-0A45122EE92F}.Debug|Any CPU.Build.0 = Debug|Any CPU
		{AB70AA90-5C01-482D-AA1A-0A45122EE92F}.Release|Any CPU.ActiveCfg = Release|Any CPU
		{AB70AA90-5C01-482D-AA1A-0A45122EE92F}.Release|Any CPU.Build.0 = Release|Any CPU
		{8A04F376-A64C-4766-BBFC-52DCBAA5A6AE}.Debug|Any CPU.ActiveCfg = Debug|Any CPU
		{8A04F376-A64C-4766-BBFC-52DCBAA5A6AE}.Debug|Any CPU.Build.0 = Debug|Any CPU
		{8A04F376-A64C-4766-BBFC-52DCBAA5A6AE}.Release|Any CPU.ActiveCfg = Release|Any CPU
		{8A04F376-A64C-4766-BBFC-52DCBAA5A6AE}.Release|Any CPU.Build.0 = Release|Any CPU
		{B2B8A9CD-F218-4370-BAD9-9F5639B48E85}.Debug|Any CPU.ActiveCfg = Debug|Any CPU
		{B2B8A9CD-F218-4370-BAD9-9F5639B48E85}.Debug|Any CPU.Build.0 = Debug|Any CPU
		{B2B8A9CD-F218-4370-BAD9-9F5639B48E85}.Release|Any CPU.ActiveCfg = Release|Any CPU
		{B2B8A9CD-F218-4370-BAD9-9F5639B48E85}.Release|Any CPU.Build.0 = Release|Any CPU
		{0AA9C9D4-DB56-427F-913E-319F46B8C9AF}.Debug|Any CPU.ActiveCfg = Debug|Any CPU
		{0AA9C9D4-DB56-427F-913E-319F46B8C9AF}.Debug|Any CPU.Build.0 = Debug|Any CPU
		{0AA9C9D4-DB56-427F-913E-319F46B8C9AF}.Release|Any CPU.ActiveCfg = Release|Any CPU
		{0AA9C9D4-DB56-427F-913E-319F46B8C9AF}.Release|Any CPU.Build.0 = Release|Any CPU
		{184FC9D7-29F0-463E-B2AB-06E062FDB2F6}.Debug|Any CPU.ActiveCfg = Debug|Any CPU
		{184FC9D7-29F0-463E-B2AB-06E062FDB2F6}.Debug|Any CPU.Build.0 = Debug|Any CPU
		{184FC9D7-29F0-463E-B2AB-06E062FDB2F6}.Release|Any CPU.ActiveCfg = Release|Any CPU
		{184FC9D7-29F0-463E-B2AB-06E062FDB2F6}.Release|Any CPU.Build.0 = Release|Any CPU
		{8E1C3C83-7E62-4E95-AEB7-F8FEDE12F7B6}.Debug|Any CPU.ActiveCfg = Debug|Any CPU
		{8E1C3C83-7E62-4E95-AEB7-F8FEDE12F7B6}.Debug|Any CPU.Build.0 = Debug|Any CPU
		{8E1C3C83-7E62-4E95-AEB7-F8FEDE12F7B6}.Release|Any CPU.ActiveCfg = Release|Any CPU
		{8E1C3C83-7E62-4E95-AEB7-F8FEDE12F7B6}.Release|Any CPU.Build.0 = Release|Any CPU
		{3616C63E-7AFB-4801-8CF0-CC56735015B4}.Debug|Any CPU.ActiveCfg = Debug|Any CPU
		{3616C63E-7AFB-4801-8CF0-CC56735015B4}.Debug|Any CPU.Build.0 = Debug|Any CPU
		{3616C63E-7AFB-4801-8CF0-CC56735015B4}.Release|Any CPU.ActiveCfg = Release|Any CPU
		{3616C63E-7AFB-4801-8CF0-CC56735015B4}.Release|Any CPU.Build.0 = Release|Any CPU
		{3ACDA5F5-72A1-4438-A9A7-5377AD72EDBA}.Debug|Any CPU.ActiveCfg = Debug|Any CPU
		{3ACDA5F5-72A1-4438-A9A7-5377AD72EDBA}.Debug|Any CPU.Build.0 = Debug|Any CPU
		{3ACDA5F5-72A1-4438-A9A7-5377AD72EDBA}.Release|Any CPU.ActiveCfg = Release|Any CPU
		{3ACDA5F5-72A1-4438-A9A7-5377AD72EDBA}.Release|Any CPU.Build.0 = Release|Any CPU
	EndGlobalSection
	GlobalSection(SolutionProperties) = preSolution
		HideSolutionNode = FALSE
	EndGlobalSection
	GlobalSection(ExtensibilityGlobals) = postSolution
		SolutionGuid = {E82D4E5C-E28C-4CFA-A8C0-ED9BAADFE2CB}
	EndGlobalSection
EndGlobal
